
Microsoft Visual Studio Solution File, Format Version 12.00
# Visual Studio Version 16
VisualStudioVersion = 16.0.31624.102
MinimumVisualStudioVersion = 10.0.40219.1
Project("{FAE04EC0-301F-11D3-BF4B-00C04F79EFBC}") = "BookTrackingApp", "BookTrackingApp\BookTrackingApp.csproj", "{0098221E-8A0D-4C77-92D9-0EB76580FE01}"
EndProject
Global
	GlobalSection(SolutionConfigurationPlatforms) = preSolution
		Debug|Any CPU = Debug|Any CPU
		Release|Any CPU = Release|Any CPU
	EndGlobalSection
	GlobalSection(ProjectConfigurationPlatforms) = postSolution
		{0098221E-8A0D-4C77-92D9-0EB76580FE01}.Debug|Any CPU.ActiveCfg = Debug|Any CPU
		{0098221E-8A0D-4C77-92D9-0EB76580FE01}.Debug|Any CPU.Build.0 = Debug|Any CPU
		{0098221E-8A0D-4C77-92D9-0EB76580FE01}.Release|Any CPU.ActiveCfg = Release|Any CPU
		{0098221E-8A0D-4C77-92D9-0EB76580FE01}.Release|Any CPU.Build.0 = Release|Any CPU
	EndGlobalSection
	GlobalSection(SolutionProperties) = preSolution
		HideSolutionNode = FALSE
	EndGlobalSection
	GlobalSection(ExtensibilityGlobals) = postSolution
		SolutionGuid = {335E5454-49DD-4409-8AFF-3DAA98BFD82E}
	EndGlobalSection
EndGlobal
